// !$*UTF8*$!
{
	archiveVersion = 1;
	classes = {
	};
	objectVersion = 46;
	objects = {

/* Begin PBXBuildFile section */
		04A7F64A1AA4A24B009D1075 /* test.html in Resources */ = {isa = PBXBuildFile; fileRef = 04A7F6491AA4A24B009D1075 /* test.html */; };
		04BF5EB41AA42C4100636978 /* AppDelegate.swift in Sources */ = {isa = PBXBuildFile; fileRef = 04BF5EB31AA42C4100636978 /* AppDelegate.swift */; };
		04BF5EB61AA42C4100636978 /* ViewController.swift in Sources */ = {isa = PBXBuildFile; fileRef = 04BF5EB51AA42C4100636978 /* ViewController.swift */; };
		04BF5EB91AA42C4100636978 /* Main.storyboard in Resources */ = {isa = PBXBuildFile; fileRef = 04BF5EB71AA42C4100636978 /* Main.storyboard */; };
		04BF5EBB1AA42C4100636978 /* Images.xcassets in Resources */ = {isa = PBXBuildFile; fileRef = 04BF5EBA1AA42C4100636978 /* Images.xcassets */; };
		04BF5EBE1AA42C4100636978 /* LaunchScreen.xib in Resources */ = {isa = PBXBuildFile; fileRef = 04BF5EBC1AA42C4100636978 /* LaunchScreen.xib */; };
		04BF5ECA1AA42C4100636978 /* HybridAppTests.swift in Sources */ = {isa = PBXBuildFile; fileRef = 04BF5EC91AA42C4100636978 /* HybridAppTests.swift */; };
/* End PBXBuildFile section */

/* Begin PBXContainerItemProxy section */
		04BF5EC41AA42C4100636978 /* PBXContainerItemProxy */ = {
			isa = PBXContainerItemProxy;
			containerPortal = 04BF5EA61AA42C4000636978 /* Project object */;
			proxyType = 1;
			remoteGlobalIDString = 04BF5EAD1AA42C4100636978;
			remoteInfo = HybridApp;
		};
/* End PBXContainerItemProxy section */

/* Begin PBXFileReference section */
		04A7F6491AA4A24B009D1075 /* test.html */ = {isa = PBXFileReference; fileEncoding = 4; lastKnownFileType = text.html; path = test.html; sourceTree = "<group>"; };
		04BF5EAE1AA42C4100636978 /* HybridApp.app */ = {isa = PBXFileReference; explicitFileType = wrapper.application; includeInIndex = 0; path = HybridApp.app; sourceTree = BUILT_PRODUCTS_DIR; };
		04BF5EB21AA42C4100636978 /* Info.plist */ = {isa = PBXFileReference; lastKnownFileType = text.plist.xml; path = Info.plist; sourceTree = "<group>"; };
		04BF5EB31AA42C4100636978 /* AppDelegate.swift */ = {isa = PBXFileReference; lastKnownFileType = sourcecode.swift; path = AppDelegate.swift; sourceTree = "<group>"; };
		04BF5EB51AA42C4100636978 /* ViewController.swift */ = {isa = PBXFileReference; lastKnownFileType = sourcecode.swift; path = ViewController.swift; sourceTree = "<group>"; };
		04BF5EB81AA42C4100636978 /* Base */ = {isa = PBXFileReference; lastKnownFileType = file.storyboard; name = Base; path = Base.lproj/Main.storyboard; sourceTree = "<group>"; };
		04BF5EBA1AA42C4100636978 /* Images.xcassets */ = {isa = PBXFileReference; lastKnownFileType = folder.assetcatalog; path = Images.xcassets; sourceTree = "<group>"; };
		04BF5EBD1AA42C4100636978 /* Base */ = {isa = PBXFileReference; lastKnownFileType = file.xib; name = Base; path = Base.lproj/LaunchScreen.xib; sourceTree = "<group>"; };
		04BF5EC31AA42C4100636978 /* HybridAppTests.xctest */ = {isa = PBXFileReference; explicitFileType = wrapper.cfbundle; includeInIndex = 0; path = HybridAppTests.xctest; sourceTree = BUILT_PRODUCTS_DIR; };
		04BF5EC81AA42C4100636978 /* Info.plist */ = {isa = PBXFileReference; lastKnownFileType = text.plist.xml; path = Info.plist; sourceTree = "<group>"; };
		04BF5EC91AA42C4100636978 /* HybridAppTests.swift */ = {isa = PBXFileReference; lastKnownFileType = sourcecode.swift; path = HybridAppTests.swift; sourceTree = "<group>"; };
/* End PBXFileReference section */

/* Begin PBXFrameworksBuildPhase section */
		04BF5EAB1AA42C4100636978 /* Frameworks */ = {
			isa = PBXFrameworksBuildPhase;
			buildActionMask = 2147483647;
			files = (
			);
			runOnlyForDeploymentPostprocessing = 0;
		};
		04BF5EC01AA42C4100636978 /* Frameworks */ = {
			isa = PBXFrameworksBuildPhase;
			buildActionMask = 2147483647;
			files = (
			);
			runOnlyForDeploymentPostprocessing = 0;
		};
/* End PBXFrameworksBuildPhase section */

/* Begin PBXGroup section */
		04BF5EA51AA42C4000636978 = {
			isa = PBXGroup;
			children = (
				04BF5EB01AA42C4100636978 /* HybridApp */,
				04BF5EC61AA42C4100636978 /* HybridAppTests */,
				04BF5EAF1AA42C4100636978 /* Products */,
			);
			sourceTree = "<group>";
		};
		04BF5EAF1AA42C4100636978 /* Products */ = {
			isa = PBXGroup;
			children = (
				04BF5EAE1AA42C4100636978 /* HybridApp.app */,
				04BF5EC31AA42C4100636978 /* HybridAppTests.xctest */,
			);
			name = Products;
			sourceTree = "<group>";
		};
		04BF5EB01AA42C4100636978 /* HybridApp */ = {
			isa = PBXGroup;
			children = (
				04BF5EB31AA42C4100636978 /* AppDelegate.swift */,
				04BF5EB51AA42C4100636978 /* ViewController.swift */,
				04BF5EB71AA42C4100636978 /* Main.storyboard */,
				04BF5EBA1AA42C4100636978 /* Images.xcassets */,
				04BF5EBC1AA42C4100636978 /* LaunchScreen.xib */,
				04BF5EB11AA42C4100636978 /* Supporting Files */,
			);
			path = HybridApp;
			sourceTree = "<group>";
		};
		04BF5EB11AA42C4100636978 /* Supporting Files */ = {
			isa = PBXGroup;
			children = (
				04A7F6491AA4A24B009D1075 /* test.html */,
				04BF5EB21AA42C4100636978 /* Info.plist */,
			);
			name = "Supporting Files";
			sourceTree = "<group>";
		};
		04BF5EC61AA42C4100636978 /* HybridAppTests */ = {
			isa = PBXGroup;
			children = (
				04BF5EC91AA42C4100636978 /* HybridAppTests.swift */,
				04BF5EC71AA42C4100636978 /* Supporting Files */,
			);
			path = HybridAppTests;
			sourceTree = "<group>";
		};
		04BF5EC71AA42C4100636978 /* Supporting Files */ = {
			isa = PBXGroup;
			children = (
				04BF5EC81AA42C4100636978 /* Info.plist */,
			);
			name = "Supporting Files";
			sourceTree = "<group>";
		};
/* End PBXGroup section */

/* Begin PBXNativeTarget section */
		04BF5EAD1AA42C4100636978 /* HybridApp */ = {
			isa = PBXNativeTarget;
			buildConfigurationList = 04BF5ECD1AA42C4100636978 /* Build configuration list for PBXNativeTarget "HybridApp" */;
			buildPhases = (
				04BF5EAA1AA42C4100636978 /* Sources */,
				04BF5EAB1AA42C4100636978 /* Frameworks */,
				04BF5EAC1AA42C4100636978 /* Resources */,
			);
			buildRules = (
			);
			dependencies = (
			);
			name = HybridApp;
			productName = HybridApp;
			productReference = 04BF5EAE1AA42C4100636978 /* HybridApp.app */;
			productType = "com.apple.product-type.application";
		};
		04BF5EC21AA42C4100636978 /* HybridAppTests */ = {
			isa = PBXNativeTarget;
			buildConfigurationList = 04BF5ED01AA42C4100636978 /* Build configuration list for PBXNativeTarget "HybridAppTests" */;
			buildPhases = (
				04BF5EBF1AA42C4100636978 /* Sources */,
				04BF5EC01AA42C4100636978 /* Frameworks */,
				04BF5EC11AA42C4100636978 /* Resources */,
			);
			buildRules = (
			);
			dependencies = (
				04BF5EC51AA42C4100636978 /* PBXTargetDependency */,
			);
			name = HybridAppTests;
			productName = HybridAppTests;
			productReference = 04BF5EC31AA42C4100636978 /* HybridAppTests.xctest */;
			productType = "com.apple.product-type.bundle.unit-test";
		};
/* End PBXNativeTarget section */

/* Begin PBXProject section */
		04BF5EA61AA42C4000636978 /* Project object */ = {
			isa = PBXProject;
			attributes = {
				LastUpgradeCheck = 0610;
				ORGANIZATIONNAME = "sheng qing";
				TargetAttributes = {
					04BF5EAD1AA42C4100636978 = {
						CreatedOnToolsVersion = 6.1.1;
					};
					04BF5EC21AA42C4100636978 = {
						CreatedOnToolsVersion = 6.1.1;
						TestTargetID = 04BF5EAD1AA42C4100636978;
					};
				};
			};
			buildConfigurationList = 04BF5EA91AA42C4000636978 /* Build configuration list for PBXProject "HybridApp" */;
			compatibilityVersion = "Xcode 3.2";
			developmentRegion = English;
			hasScannedForEncodings = 0;
			knownRegions = (
				en,
				Base,
			);
			mainGroup = 04BF5EA51AA42C4000636978;
			productRefGroup = 04BF5EAF1AA42C4100636978 /* Products */;
			projectDirPath = "";
			projectRoot = "";
			targets = (
				04BF5EAD1AA42C4100636978 /* HybridApp */,
				04BF5EC21AA42C4100636978 /* HybridAppTests */,
			);
		};
/* End PBXProject section */

/* Begin PBXResourcesBuildPhase section */
		04BF5EAC1AA42C4100636978 /* Resources */ = {
			isa = PBXResourcesBuildPhase;
			buildActionMask = 2147483647;
			files = (
				04A7F64A1AA4A24B009D1075 /* test.html in Resources */,
				04BF5EB91AA42C4100636978 /* Main.storyboard in Resources */,
				04BF5EBE1AA42C4100636978 /* LaunchScreen.xib in Resources */,
				04BF5EBB1AA42C4100636978 /* Images.xcassets in Resources */,
			);
			runOnlyForDeploymentPostprocessing = 0;
		};
		04BF5EC11AA42C4100636978 /* Resources */ = {
			isa = PBXResourcesBuildPhase;
			buildActionMask = 2147483647;
			files = (
			);
			runOnlyForDeploymentPostprocessing = 0;
		};
/* End PBXResourcesBuildPhase section */

/* Begin PBXSourcesBuildPhase section */
		04BF5EAA1AA42C4100636978 /* Sources */ = {
			isa = PBXSourcesBuildPhase;
			buildActionMask = 2147483647;
			files = (
				04BF5EB61AA42C4100636978 /* ViewController.swift in Sources */,
				04BF5EB41AA42C4100636978 /* AppDelegate.swift in Sources */,
			);
			runOnlyForDeploymentPostprocessing = 0;
		};
		04BF5EBF1AA42C4100636978 /* Sources */ = {
			isa = PBXSourcesBuildPhase;
			buildActionMask = 2147483647;
			files = (
				04BF5ECA1AA42C4100636978 /* HybridAppTests.swift in Sources */,
			);
			runOnlyForDeploymentPostprocessing = 0;
		};
/* End PBXSourcesBuildPhase section */

/* Begin PBXTargetDependency section */
		04BF5EC51AA42C4100636978 /* PBXTargetDependency */ = {
			isa = PBXTargetDependency;
			target = 04BF5EAD1AA42C4100636978 /* HybridApp */;
			targetProxy = 04BF5EC41AA42C4100636978 /* PBXContainerItemProxy */;
		};
/* End PBXTargetDependency section */

/* Begin PBXVariantGroup section */
		04BF5EB71AA42C4100636978 /* Main.storyboard */ = {
			isa = PBXVariantGroup;
			children = (
				04BF5EB81AA42C4100636978 /* Base */,
			);
			name = Main.storyboard;
			sourceTree = "<group>";
		};
		04BF5EBC1AA42C4100636978 /* LaunchScreen.xib */ = {
			isa = PBXVariantGroup;
			children = (
				04BF5EBD1AA42C4100636978 /* Base */,
			);
			name = LaunchScreen.xib;
			sourceTree = "<group>";
		};
/* End PBXVariantGroup section */

/* Begin XCBuildConfiguration section */
		04BF5ECB1AA42C4100636978 /* Debug */ = {
			isa = XCBuildConfiguration;
			buildSettings = {
				ALWAYS_SEARCH_USER_PATHS = NO;
				CLANG_CXX_LANGUAGE_STANDARD = "gnu++0x";
				CLANG_CXX_LIBRARY = "libc++";
				CLANG_ENABLE_MODULES = YES;
				CLANG_ENABLE_OBJC_ARC = YES;
				CLANG_WARN_BOOL_CONVERSION = YES;
				CLANG_WARN_CONSTANT_CONVERSION = YES;
				CLANG_WARN_DIRECT_OBJC_ISA_USAGE = YES_ERROR;
				CLANG_WARN_EMPTY_BODY = YES;
				CLANG_WARN_ENUM_CONVERSION = YES;
				CLANG_WARN_INT_CONVERSION = YES;
				CLANG_WARN_OBJC_ROOT_CLASS = YES_ERROR;
				CLANG_WARN_UNREACHABLE_CODE = YES;
				CLANG_WARN__DUPLICATE_METHOD_MATCH = YES;
				"CODE_SIGN_IDENTITY[sdk=iphoneos*]" = "iPhone Developer";
				COPY_PHASE_STRIP = NO;
				ENABLE_STRICT_OBJC_MSGSEND = YES;
				GCC_C_LANGUAGE_STANDARD = gnu99;
				GCC_DYNAMIC_NO_PIC = NO;
				GCC_OPTIMIZATION_LEVEL = 0;
				GCC_PREPROCESSOR_DEFINITIONS = (
					"DEBUG=1",
					"$(inherited)",
				);
				GCC_SYMBOLS_PRIVATE_EXTERN = NO;
				GCC_WARN_64_TO_32_BIT_CONVERSION = YES;
				GCC_WARN_ABOUT_RETURN_TYPE = YES_ERROR;
				GCC_WARN_UNDECLARED_SELECTOR = YES;
				GCC_WARN_UNINITIALIZED_AUTOS = YES_AGGRESSIVE;
				GCC_WARN_UNUSED_FUNCTION = YES;
				GCC_WARN_UNUSED_VARIABLE = YES;
				IPHONEOS_DEPLOYMENT_TARGET = 8.1;
				MTL_ENABLE_DEBUG_INFO = YES;
				ONLY_ACTIVE_ARCH = YES;
				SDKROOT = iphoneos;
				SWIFT_OPTIMIZATION_LEVEL = "-Onone";
				TARGETED_DEVICE_FAMILY = "1,2";
			};
			name = Debug;
		};
		04BF5ECC1AA42C4100636978 /* Release */ = {
			isa = XCBuildConfiguration;
			buildSettings = {
				ALWAYS_SEARCH_USER_PATHS = NO;
				CLANG_CXX_LANGUAGE_STANDARD = "gnu++0x";
				CLANG_CXX_LIBRARY = "libc++";
				CLANG_ENABLE_MODULES = YES;
				CLANG_ENABLE_OBJC_ARC = YES;
				CLANG_WARN_BOOL_CONVERSION = YES;
				CLANG_WARN_CONSTANT_CONVERSION = YES;
				CLANG_WARN_DIRECT_OBJC_ISA_USAGE = YES_ERROR;
				CLANG_WARN_EMPTY_BODY = YES;
				CLANG_WARN_ENUM_CONVERSION = YES;
				CLANG_WARN_INT_CONVERSION = YES;
				CLANG_WARN_OBJC_ROOT_CLASS = YES_ERROR;
				CLANG_WARN_UNREACHABLE_CODE = YES;
				CLANG_WARN__DUPLICATE_METHOD_MATCH = YES;
				"CODE_SIGN_IDENTITY[sdk=iphoneos*]" = "iPhone Developer";
				COPY_PHASE_STRIP = YES;
				ENABLE_NS_ASSERTIONS = NO;
				ENABLE_STRICT_OBJC_MSGSEND = YES;
				GCC_C_LANGUAGE_STANDARD = gnu99;
				GCC_WARN_64_TO_32_BIT_CONVERSION = YES;
				GCC_WARN_ABOUT_RETURN_TYPE = YES_ERROR;
				GCC_WARN_UNDECLARED_SELECTOR = YES;
				GCC_WARN_UNINITIALIZED_AUTOS = YES_AGGRESSIVE;
				GCC_WARN_UNUSED_FUNCTION = YES;
				GCC_WARN_UNUSED_VARIABLE = YES;
				IPHONEOS_DEPLOYMENT_TARGET = 8.1;
				MTL_ENABLE_DEBUG_INFO = NO;
				SDKROOT = iphoneos;
				TARGETED_DEVICE_FAMILY = "1,2";
				VALIDATE_PRODUCT = YES;
			};
			name = Release;
		};
		04BF5ECE1AA42C4100636978 /* Debug */ = {
			isa = XCBuildConfiguration;
			buildSettings = {
				ASSETCATALOG_COMPILER_APPICON_NAME = AppIcon;
				INFOPLIST_FILE = HybridApp/Info.plist;
				LD_RUNPATH_SEARCH_PATHS = "$(inherited) @executable_path/Frameworks";
				PRODUCT_NAME = "$(TARGET_NAME)";
			};
			name = Debug;
		};
		04BF5ECF1AA42C4100636978 /* Release */ = {
			isa = XCBuildConfiguration;
			buildSettings = {
				ASSETCATALOG_COMPILER_APPICON_NAME = AppIcon;
				INFOPLIST_FILE = HybridApp/Info.plist;
				LD_RUNPATH_SEARCH_PATHS = "$(inherited) @executable_path/Frameworks";
				PRODUCT_NAME = "$(TARGET_NAME)";
			};
			name = Release;
		};
		04BF5ED11AA42C4100636978 /* Debug */ = {
			isa = XCBuildConfiguration;
			buildSettings = {
				BUNDLE_LOADER = "$(TEST_HOST)";
				FRAMEWORK_SEARCH_PATHS = (
					"$(SDKROOT)/Developer/Library/Frameworks",
					"$(inherited)",
				);
				GCC_PREPROCESSOR_DEFINITIONS = (
					"DEBUG=1",
					"$(inherited)",
				);
				INFOPLIST_FILE = HybridAppTests/Info.plist;
				LD_RUNPATH_SEARCH_PATHS = "$(inherited) @executable_path/Frameworks @loader_path/Frameworks";
				PRODUCT_NAME = "$(TARGET_NAME)";
				TEST_HOST = "$(BUILT_PRODUCTS_DIR)/HybridApp.app/HybridApp";
			};
			name = Debug;
		};
		04BF5ED21AA42C4100636978 /* Release */ = {
			isa = XCBuildConfiguration;
			buildSettings = {
				BUNDLE_LOADER = "$(TEST_HOST)";
				FRAMEWORK_SEARCH_PATHS = (
					"$(SDKROOT)/Developer/Library/Frameworks",
					"$(inherited)",
				);
				INFOPLIST_FILE = HybridAppTests/Info.plist;
				LD_RUNPATH_SEARCH_PATHS = "$(inherited) @executable_path/Frameworks @loader_path/Frameworks";
				PRODUCT_NAME = "$(TARGET_NAME)";
				TEST_HOST = "$(BUILT_PRODUCTS_DIR)/HybridApp.app/HybridApp";
			};
			name = Release;
		};
/* End XCBuildConfiguration section */

/* Begin XCConfigurationList section */
		04BF5EA91AA42C4000636978 /* Build configuration list for PBXProject "HybridApp" */ = {
			isa = XCConfigurationList;
			buildConfigurations = (
				04BF5ECB1AA42C4100636978 /* Debug */,
				04BF5ECC1AA42C4100636978 /* Release */,
			);
			defaultConfigurationIsVisible = 0;
			defaultConfigurationName = Release;
		};
		04BF5ECD1AA42C4100636978 /* Build configuration list for PBXNativeTarget "HybridApp" */ = {
			isa = XCConfigurationList;
			buildConfigurations = (
				04BF5ECE1AA42C4100636978 /* Debug */,
				04BF5ECF1AA42C4100636978 /* Release */,
			);
			defaultConfigurationIsVisible = 0;
			defaultConfigurationName = Release;
		};
		04BF5ED01AA42C4100636978 /* Build configuration list for PBXNativeTarget "HybridAppTests" */ = {
			isa = XCConfigurationList;
			buildConfigurations = (
				04BF5ED11AA42C4100636978 /* Debug */,
				04BF5ED21AA42C4100636978 /* Release */,
			);
			defaultConfigurationIsVisible = 0;
			defaultConfigurationName = Release;
		};
/* End XCConfigurationList section */
	};
	rootObject = 04BF5EA61AA42C4000636978 /* Project object */;
}
